
Microsoft Visual Studio Solution File, Format Version 12.00
# Visual Studio 14
VisualStudioVersion = 14.0.23107.0
MinimumVisualStudioVersion = 10.0.40219.1
Project("{2150E333-8FDC-42A3-9474-1A3956D46DE8}") = "BT_Remote", "BT_Remote", "{A9903FE0-0E16-4155-90A0-8284BA446505}"
EndProject
Project("{D954291E-2A0B-460D-934E-DC6B0785DB48}") = "BT_LED_Control.Shared", "..\BT_Remote\BT_LED_Control\BT_LED_Control.Shared\BT_LED_Control.Shared.shproj", "{1F7B3651-9787-46A3-935B-1EE6B62A7024}"
EndProject
Project("{FAE04EC0-301F-11D3-BF4B-00C04F79EFBC}") = "BT_Remote.Windows", "..\BT_Remote\BT_LED_Control\BT_LED_Control.Windows\BT_Remote.Windows.csproj", "{8A2C78CD-B53B-49F2-9E22-09887EB606A1}"
EndProject
Project("{FAE04EC0-301F-11D3-BF4B-00C04F79EFBC}") = "BT_Remote.WindowsPhone", "..\BT_Remote\BT_LED_Control\BT_LED_Control.WindowsPhone\BT_Remote.WindowsPhone.csproj", "{5F27CD8D-B35D-4A55-BAB7-8BBCD72DCE09}"
EndProject
Global
	GlobalSection(SharedMSBuildProjectFiles) = preSolution
		..\BT_Remote\BT_LED_Control\BT_LED_Control.Shared\BT_LED_Control.Shared.projitems*{1f7b3651-9787-46a3-935b-1ee6b62a7024}*SharedItemsImports = 13
		..\BT_Remote\BT_LED_Control\BT_LED_Control.Shared\BT_LED_Control.Shared.projitems*{8a2c78cd-b53b-49f2-9e22-09887eb606a1}*SharedItemsImports = 4
		..\BT_Remote\BT_LED_Control\BT_LED_Control.Shared\BT_LED_Control.Shared.projitems*{5f27cd8d-b35d-4a55-bab7-8bbcd72dce09}*SharedItemsImports = 4
	EndGlobalSection
	GlobalSection(SolutionConfigurationPlatforms) = preSolution
		Debug|Any CPU = Debug|Any CPU
		Debug|ARM = Debug|ARM
		Debug|x64 = Debug|x64
		Debug|x86 = Debug|x86
		Release|Any CPU = Release|Any CPU
		Release|ARM = Release|ARM
		Release|x64 = Release|x64
		Release|x86 = Release|x86
	EndGlobalSection
	GlobalSection(ProjectConfigurationPlatforms) = postSolution
		{8A2C78CD-B53B-49F2-9E22-09887EB606A1}.Debug|Any CPU.ActiveCfg = Debug|Any CPU
		{8A2C78CD-B53B-49F2-9E22-09887EB606A1}.Debug|Any CPU.Build.0 = Debug|Any CPU
		{8A2C78CD-B53B-49F2-9E22-09887EB606A1}.Debug|Any CPU.Deploy.0 = Debug|Any CPU
		{8A2C78CD-B53B-49F2-9E22-09887EB606A1}.Debug|ARM.ActiveCfg = Debug|ARM
		{8A2C78CD-B53B-49F2-9E22-09887EB606A1}.Debug|ARM.Build.0 = Debug|ARM
		{8A2C78CD-B53B-49F2-9E22-09887EB606A1}.Debug|ARM.Deploy.0 = Debug|ARM
		{8A2C78CD-B53B-49F2-9E22-09887EB606A1}.Debug|x64.ActiveCfg = Debug|x64
		{8A2C78CD-B53B-49F2-9E22-09887EB606A1}.Debug|x64.Build.0 = Debug|x64
		{8A2C78CD-B53B-49F2-9E22-09887EB606A1}.Debug|x64.Deploy.0 = Debug|x64
		{8A2C78CD-B53B-49F2-9E22-09887EB606A1}.Debug|x86.ActiveCfg = Debug|x86
		{8A2C78CD-B53B-49F2-9E22-09887EB606A1}.Debug|x86.Build.0 = Debug|x86
		{8A2C78CD-B53B-49F2-9E22-09887EB606A1}.Debug|x86.Deploy.0 = Debug|x86
		{8A2C78CD-B53B-49F2-9E22-09887EB606A1}.Release|Any CPU.ActiveCfg = Release|Any CPU
		{8A2C78CD-B53B-49F2-9E22-09887EB606A1}.Release|Any CPU.Build.0 = Release|Any CPU
		{8A2C78CD-B53B-49F2-9E22-09887EB606A1}.Release|Any CPU.Deploy.0 = Release|Any CPU
		{8A2C78CD-B53B-49F2-9E22-09887EB606A1}.Release|ARM.ActiveCfg = Release|ARM
		{8A2C78CD-B53B-49F2-9E22-09887EB606A1}.Release|ARM.Build.0 = Release|ARM
		{8A2C78CD-B53B-49F2-9E22-09887EB606A1}.Release|ARM.Deploy.0 = Release|ARM
		{8A2C78CD-B53B-49F2-9E22-09887EB606A1}.Release|x64.ActiveCfg = Release|x64
		{8A2C78CD-B53B-49F2-9E22-09887EB606A1}.Release|x64.Build.0 = Release|x64
		{8A2C78CD-B53B-49F2-9E22-09887EB606A1}.Release|x64.Deploy.0 = Release|x64
		{8A2C78CD-B53B-49F2-9E22-09887EB606A1}.Release|x86.ActiveCfg = Release|x86
		{8A2C78CD-B53B-49F2-9E22-09887EB606A1}.Release|x86.Build.0 = Release|x86
		{8A2C78CD-B53B-49F2-9E22-09887EB606A1}.Release|x86.Deploy.0 = Release|x86
		{5F27CD8D-B35D-4A55-BAB7-8BBCD72DCE09}.Debug|Any CPU.ActiveCfg = Debug|Any CPU
		{5F27CD8D-B35D-4A55-BAB7-8BBCD72DCE09}.Debug|Any CPU.Build.0 = Debug|Any CPU
		{5F27CD8D-B35D-4A55-BAB7-8BBCD72DCE09}.Debug|Any CPU.Deploy.0 = Debug|Any CPU
		{5F27CD8D-B35D-4A55-BAB7-8BBCD72DCE09}.Debug|ARM.ActiveCfg = Debug|ARM
		{5F27CD8D-B35D-4A55-BAB7-8BBCD72DCE09}.Debug|ARM.Build.0 = Debug|ARM
		{5F27CD8D-B35D-4A55-BAB7-8BBCD72DCE09}.Debug|ARM.Deploy.0 = Debug|ARM
		{5F27CD8D-B35D-4A55-BAB7-8BBCD72DCE09}.Debug|x64.ActiveCfg = Debug|Any CPU
		{5F27CD8D-B35D-4A55-BAB7-8BBCD72DCE09}.Debug|x86.ActiveCfg = Debug|x86
		{5F27CD8D-B35D-4A55-BAB7-8BBCD72DCE09}.Debug|x86.Build.0 = Debug|x86
		{5F27CD8D-B35D-4A55-BAB7-8BBCD72DCE09}.Debug|x86.Deploy.0 = Debug|x86
		{5F27CD8D-B35D-4A55-BAB7-8BBCD72DCE09}.Release|Any CPU.ActiveCfg = Release|Any CPU
		{5F27CD8D-B35D-4A55-BAB7-8BBCD72DCE09}.Release|Any CPU.Build.0 = Release|Any CPU
		{5F27CD8D-B35D-4A55-BAB7-8BBCD72DCE09}.Release|Any CPU.Deploy.0 = Release|Any CPU
		{5F27CD8D-B35D-4A55-BAB7-8BBCD72DCE09}.Release|ARM.ActiveCfg = Release|ARM
		{5F27CD8D-B35D-4A55-BAB7-8BBCD72DCE09}.Release|ARM.Build.0 = Release|ARM
		{5F27CD8D-B35D-4A55-BAB7-8BBCD72DCE09}.Release|ARM.Deploy.0 = Release|ARM
		{5F27CD8D-B35D-4A55-BAB7-8BBCD72DCE09}.Release|x64.ActiveCfg = Release|Any CPU
		{5F27CD8D-B35D-4A55-BAB7-8BBCD72DCE09}.Release|x86.ActiveCfg = Release|x86
		{5F27CD8D-B35D-4A55-BAB7-8BBCD72DCE09}.Release|x86.Build.0 = Release|x86
		{5F27CD8D-B35D-4A55-BAB7-8BBCD72DCE09}.Release|x86.Deploy.0 = Release|x86
	EndGlobalSection
	GlobalSection(SolutionProperties) = preSolution
		HideSolutionNode = FALSE
	EndGlobalSection
	GlobalSection(NestedProjects) = preSolution
		{1F7B3651-9787-46A3-935B-1EE6B62A7024} = {A9903FE0-0E16-4155-90A0-8284BA446505}
		{8A2C78CD-B53B-49F2-9E22-09887EB606A1} = {A9903FE0-0E16-4155-90A0-8284BA446505}
		{5F27CD8D-B35D-4A55-BAB7-8BBCD72DCE09} = {A9903FE0-0E16-4155-90A0-8284BA446505}
	EndGlobalSection
EndGlobal
